
Microsoft Visual Studio Solution File, Format Version 12.00
# Visual Studio Version 16
VisualStudioVersion = 16.0.29509.3
MinimumVisualStudioVersion = 10.0.40219.1
Project("{FAE04EC0-301F-11D3-BF4B-00C04F79EFBC}") = "TTLChanger_WPF", "TTLChanger_WPF\TTLChanger_WPF.csproj", "{FD93C415-E0B2-404C-B2B0-3E4A9157A290}"
EndProject
Global
	GlobalSection(SolutionConfigurationPlatforms) = preSolution
		Debug|Any CPU = Debug|Any CPU
		Release|Any CPU = Release|Any CPU
	EndGlobalSection
	GlobalSection(ProjectConfigurationPlatforms) = postSolution
		{FD93C415-E0B2-404C-B2B0-3E4A9157A290}.Debug|Any CPU.ActiveCfg = Debug|Any CPU
		{FD93C415-E0B2-404C-B2B0-3E4A9157A290}.Debug|Any CPU.Build.0 = Debug|Any CPU
		{FD93C415-E0B2-404C-B2B0-3E4A9157A290}.Release|Any CPU.ActiveCfg = Release|Any CPU
		{FD93C415-E0B2-404C-B2B0-3E4A9157A290}.Release|Any CPU.Build.0 = Release|Any CPU
	EndGlobalSection
	GlobalSection(SolutionProperties) = preSolution
		HideSolutionNode = FALSE
	EndGlobalSection
	GlobalSection(ExtensibilityGlobals) = postSolution
		SolutionGuid = {1BCE8C81-5A66-44EC-8FDC-D0C205962598}
	EndGlobalSection
EndGlobal
